
Microsoft Visual Studio Solution File, Format Version 12.00
# Visual Studio Version 17
VisualStudioVersion = 17.2.32616.157
MinimumVisualStudioVersion = 10.0.40219.1
Project("{9A19103F-16F7-4668-BE54-9A1E7A4F7556}") = "MyCouponsServer", "MyCouponsServer\MyCouponsServer.csproj", "{CE232016-0057-4958-B7A0-14D5FAB1E365}"
EndProject
Project("{FAE04EC0-301F-11D3-BF4B-00C04F79EFBC}") = "UnitTestsProject", "TestProject1\UnitTestsProject.csproj", "{1288DB3E-F85D-4896-81A1-1C79E73AFFAB}"
EndProject
Global
	GlobalSection(SolutionConfigurationPlatforms) = preSolution
		Debug|Any CPU = Debug|Any CPU
		Release|Any CPU = Release|Any CPU
	EndGlobalSection
	GlobalSection(ProjectConfigurationPlatforms) = postSolution
		{CE232016-0057-4958-B7A0-14D5FAB1E365}.Debug|Any CPU.ActiveCfg = Debug|Any CPU
		{CE232016-0057-4958-B7A0-14D5FAB1E365}.Debug|Any CPU.Build.0 = Debug|Any CPU
		{CE232016-0057-4958-B7A0-14D5FAB1E365}.Release|Any CPU.ActiveCfg = Release|Any CPU
		{CE232016-0057-4958-B7A0-14D5FAB1E365}.Release|Any CPU.Build.0 = Release|Any CPU
		{1288DB3E-F85D-4896-81A1-1C79E73AFFAB}.Debug|Any CPU.ActiveCfg = Debug|Any CPU
		{1288DB3E-F85D-4896-81A1-1C79E73AFFAB}.Debug|Any CPU.Build.0 = Debug|Any CPU
		{1288DB3E-F85D-4896-81A1-1C79E73AFFAB}.Release|Any CPU.ActiveCfg = Release|Any CPU
		{1288DB3E-F85D-4896-81A1-1C79E73AFFAB}.Release|Any CPU.Build.0 = Release|Any CPU
	EndGlobalSection
	GlobalSection(SolutionProperties) = preSolution
		HideSolutionNode = FALSE
	EndGlobalSection
	GlobalSection(ExtensibilityGlobals) = postSolution
		SolutionGuid = {7990CD13-C75B-4550-8F10-91BD7162868B}
	EndGlobalSection
EndGlobal
